PODS:
  - Alamofire (5.3.0)
  - GoogleMaps (4.2.0):
    - GoogleMaps/Maps (= 4.2.0)
  - GoogleMaps/Base (4.2.0)
  - GoogleMaps/Maps (4.2.0):
    - GoogleMaps/Base
  - NVActivityIndicatorView (4.8.0):
    - NVActivityIndicatorView/Presenter (= 4.8.0)
  - NVActivityIndicatorView/Presenter (4.8.0)
  - QuickLayout (3.0.0)
  - SDWebImage (5.12.6):
    - SDWebImage/Core (= 5.12.6)
  - SDWebImage/Core (5.12.6)
  - SwiftEntryKit (1.2.7):
    - QuickLayout (= 3.0.0)

DEPENDENCIES:
  - Alamofire
  - GoogleMaps
  - NVActivityIndicatorView (~> 4.8.0)
  - SDWebImage
  - SwiftEntryKit

SPEC REPOS:
  trunk:
    - Alamofire
    - GoogleMaps
    - NVActivityIndicatorView
    - QuickLayout
    - SDWebImage
    - SwiftEntryKit

SPEC CHECKSUMS:
  Alamofire: 2c792affbdc2f18016e08fdbcacd60aebe1ba593
  GoogleMaps: eb03e327edfd70b06de1e6e321653f73712df7ad
  NVActivityIndicatorView: d24b7ebcf80af5dcd994adb650e2b6c93379270f
  QuickLayout: 07b45a72b10083fee3f095990cfed1c1e7b27f0a
  SDWebImage: a47aea9e3d8816015db4e523daff50cfd294499d
  SwiftEntryKit: 537c92699d6034efb1ef9c32b11e0b37c97aa589

PODFILE CHECKSUM: baabe29eefd5686d2aba30c9ad81d3628527a767

COCOAPODS: 1.11.3
